// !$*UTF8*$!
{
	archiveVersion = 1;
	classes = {
	};
	objectVersion = 46;
	objects = {

/* Begin PBXBuildFile section */
		9F23546F157FAE99002C1327 /* UIKit.framework in Frameworks */ = {isa = PBXBuildFile; fileRef = 9F23546E157FAE99002C1327 /* UIKit.framework */; };
		9F235471157FAE99002C1327 /* Foundation.framework in Frameworks */ = {isa = PBXBuildFile; fileRef = 9F235470157FAE99002C1327 /* Foundation.framework */; };
		9F235473157FAE99002C1327 /* CoreGraphics.framework in Frameworks */ = {isa = PBXBuildFile; fileRef = 9F235472157FAE99002C1327 /* CoreGraphics.framework */; };
		9F235479157FAE99002C1327 /* InfoPlist.strings in Resources */ = {isa = PBXBuildFile; fileRef = 9F235477157FAE99002C1327 /* InfoPlist.strings */; };
		9F23547B157FAE99002C1327 /* main.m in Sources */ = {isa = PBXBuildFile; fileRef = 9F23547A157FAE99002C1327 /* main.m */; };
		9F23547F157FAE9A002C1327 /* AppDelegate.m in Sources */ = {isa = PBXBuildFile; fileRef = 9F23547E157FAE9A002C1327 /* AppDelegate.m */; };
		9F235485157FAE9A002C1327 /* ViewController.xib in Resources */ = {isa = PBXBuildFile; fileRef = 9F235483157FAE9A002C1327 /* ViewController.xib */; };
		9F23549415800871002C1327 /* RPRadarChart.m in Sources */ = {isa = PBXBuildFile; fileRef = 9F23549315800871002C1327 /* RPRadarChart.m */; };
		9F235498158008A3002C1327 /* ViewController.m in Sources */ = {isa = PBXBuildFile; fileRef = 9F235497158008A3002C1327 /* ViewController.m */; };
/* End PBXBuildFile section */

/* Begin PBXFileReference section */
		9F23546A157FAE99002C1327 /* RadarChart.app */ = {isa = PBXFileReference; explicitFileType = wrapper.application; includeInIndex = 0; path = RadarChart.app; sourceTree = BUILT_PRODUCTS_DIR; };
		9F23546E157FAE99002C1327 /* UIKit.framework */ = {isa = PBXFileReference; lastKnownFileType = wrapper.framework; name = UIKit.framework; path = System/Library/Frameworks/UIKit.framework; sourceTree = SDKROOT; };
		9F235470157FAE99002C1327 /* Foundation.framework */ = {isa = PBXFileReference; lastKnownFileType = wrapper.framework; name = Foundation.framework; path = System/Library/Frameworks/Foundation.framework; sourceTree = SDKROOT; };
		9F235472157FAE99002C1327 /* CoreGraphics.framework */ = {isa = PBXFileReference; lastKnownFileType = wrapper.framework; name = CoreGraphics.framework; path = System/Library/Frameworks/CoreGraphics.framework; sourceTree = SDKROOT; };
		9F235476157FAE99002C1327 /* RadarChart-Info.plist */ = {isa = PBXFileReference; lastKnownFileType = text.plist.xml; path = "RadarChart-Info.plist"; sourceTree = "<group>"; };
		9F235478157FAE99002C1327 /* en */ = {isa = PBXFileReference; lastKnownFileType = text.plist.strings; name = en; path = en.lproj/InfoPlist.strings; sourceTree = "<group>"; };
		9F23547A157FAE99002C1327 /* main.m */ = {isa = PBXFileReference; lastKnownFileType = sourcecode.c.objc; path = main.m; sourceTree = "<group>"; };
		9F23547C157FAE99002C1327 /* RadarChart-Prefix.pch */ = {isa = PBXFileReference; lastKnownFileType = sourcecode.c.h; path = "RadarChart-Prefix.pch"; sourceTree = "<group>"; };
		9F23547D157FAE99002C1327 /* AppDelegate.h */ = {isa = PBXFileReference; lastKnownFileType = sourcecode.c.h; path = AppDelegate.h; sourceTree = "<group>"; };
		9F23547E157FAE9A002C1327 /* AppDelegate.m */ = {isa = PBXFileReference; lastKnownFileType = sourcecode.c.objc; path = AppDelegate.m; sourceTree = "<group>"; };
		9F235484157FAE9A002C1327 /* en */ = {isa = PBXFileReference; lastKnownFileType = file.xib; name = en; path = en.lproj/ViewController.xib; sourceTree = "<group>"; };
		9F23549215800871002C1327 /* RPRadarChart.h */ = {isa = PBXFileReference; fileEncoding = 4; lastKnownFileType = sourcecode.c.h; name = RPRadarChart.h; path = src/RPRadarChart.h; sourceTree = "<group>"; };
		9F23549315800871002C1327 /* RPRadarChart.m */ = {isa = PBXFileReference; fileEncoding = 4; lastKnownFileType = sourcecode.c.objc; name = RPRadarChart.m; path = src/RPRadarChart.m; sourceTree = "<group>"; };
		9F235496158008A3002C1327 /* ViewController.h */ = {isa = PBXFileReference; fileEncoding = 4; lastKnownFileType = sourcecode.c.h; path = ViewController.h; sourceTree = "<group>"; };
		9F235497158008A3002C1327 /* ViewController.m */ = {isa = PBXFileReference; fileEncoding = 4; lastKnownFileType = sourcecode.c.objc; path = ViewController.m; sourceTree = "<group>"; };
/* End PBXFileReference section */

/* Begin PBXFrameworksBuildPhase section */
		9F235467157FAE99002C1327 /* Frameworks */ = {
			isa = PBXFrameworksBuildPhase;
			buildActionMask = 2147483647;
			files = (
				9F23546F157FAE99002C1327 /* UIKit.framework in Frameworks */,
				9F235471157FAE99002C1327 /* Foundation.framework in Frameworks */,
				9F235473157FAE99002C1327 /* CoreGraphics.framework in Frameworks */,
			);
			runOnlyForDeploymentPostprocessing = 0;
		};
/* End PBXFrameworksBuildPhase section */

/* Begin PBXGroup section */
		9F23545F157FAE99002C1327 = {
			isa = PBXGroup;
			children = (
				9F235474157FAE99002C1327 /* RadarChart */,
				9F23546D157FAE99002C1327 /* Frameworks */,
				9F23546B157FAE99002C1327 /* Products */,
			);
			sourceTree = "<group>";
		};
		9F23546B157FAE99002C1327 /* Products */ = {
			isa = PBXGroup;
			children = (
				9F23546A157FAE99002C1327 /* RadarChart.app */,
			);
			name = Products;
			sourceTree = "<group>";
		};
		9F23546D157FAE99002C1327 /* Frameworks */ = {
			isa = PBXGroup;
			children = (
				9F23546E157FAE99002C1327 /* UIKit.framework */,
				9F235470157FAE99002C1327 /* Foundation.framework */,
				9F235472157FAE99002C1327 /* CoreGraphics.framework */,
			);
			name = Frameworks;
			sourceTree = "<group>";
		};
		9F235474157FAE99002C1327 /* RadarChart */ = {
			isa = PBXGroup;
			children = (
				9F23548B157FAEA6002C1327 /* RadarChart */,
				9F23547D157FAE99002C1327 /* AppDelegate.h */,
				9F23547E157FAE9A002C1327 /* AppDelegate.m */,
				9F235495158008A3002C1327 /* Example */,
				9F235475157FAE99002C1327 /* Supporting Files */,
			);
			path = RadarChart;
			sourceTree = "<group>";
		};
		9F235475157FAE99002C1327 /* Supporting Files */ = {
			isa = PBXGroup;
			children = (
				9F235476157FAE99002C1327 /* RadarChart-Info.plist */,
				9F235477157FAE99002C1327 /* InfoPlist.strings */,
				9F23547A157FAE99002C1327 /* main.m */,
				9F23547C157FAE99002C1327 /* RadarChart-Prefix.pch */,
			);
			name = "Supporting Files";
			sourceTree = "<group>";
		};
		9F23548B157FAEA6002C1327 /* RadarChart */ = {
			isa = PBXGroup;
			children = (
				9F23549215800871002C1327 /* RPRadarChart.h */,
				9F23549315800871002C1327 /* RPRadarChart.m */,
			);
			name = RadarChart;
			sourceTree = "<group>";
		};
		9F235495158008A3002C1327 /* Example */ = {
			isa = PBXGroup;
			children = (
				9F235483157FAE9A002C1327 /* ViewController.xib */,
				9F235496158008A3002C1327 /* ViewController.h */,
				9F235497158008A3002C1327 /* ViewController.m */,
			);
			path = Example;
			sourceTree = "<group>";
		};
/* End PBXGroup section */

/* Begin PBXNativeTarget section */
		9F235469157FAE99002C1327 /* RadarChart */ = {
			isa = PBXNativeTarget;
			buildConfigurationList = 9F235488157FAE9A002C1327 /* Build configuration list for PBXNativeTarget "RadarChart" */;
			buildPhases = (
				9F235466157FAE99002C1327 /* Sources */,
				9F235467157FAE99002C1327 /* Frameworks */,
				9F235468157FAE99002C1327 /* Resources */,
			);
			buildRules = (
			);
			dependencies = (
			);
			name = RadarChart;
			productName = RadarChart;
			productReference = 9F23546A157FAE99002C1327 /* RadarChart.app */;
			productType = "com.apple.product-type.application";
		};
/* End PBXNativeTarget section */

/* Begin PBXProject section */
		9F235461157FAE99002C1327 /* Project object */ = {
			isa = PBXProject;
			attributes = {
				LastUpgradeCheck = 0430;
			};
			buildConfigurationList = 9F235464157FAE99002C1327 /* Build configuration list for PBXProject "RadarChart" */;
			compatibilityVersion = "Xcode 3.2";
			developmentRegion = English;
			hasScannedForEncodings = 0;
			knownRegions = (
				en,
			);
			mainGroup = 9F23545F157FAE99002C1327;
			productRefGroup = 9F23546B157FAE99002C1327 /* Products */;
			projectDirPath = "";
			projectRoot = "";
			targets = (
				9F235469157FAE99002C1327 /* RadarChart */,
			);
		};
/* End PBXProject section */

/* Begin PBXResourcesBuildPhase section */
		9F235468157FAE99002C1327 /* Resources */ = {
			isa = PBXResourcesBuildPhase;
			buildActionMask = 2147483647;
			files = (
				9F235479157FAE99002C1327 /* InfoPlist.strings in Resources */,
				9F235485157FAE9A002C1327 /* ViewController.xib in Resources */,
			);
			runOnlyForDeploymentPostprocessing = 0;
		};
/* End PBXResourcesBuildPhase section */

/* Begin PBXSourcesBuildPhase section */
		9F235466157FAE99002C1327 /* Sources */ = {
			isa = PBXSourcesBuildPhase;
			buildActionMask = 2147483647;
			files = (
				9F23547B157FAE99002C1327 /* main.m in Sources */,
				9F23547F157FAE9A002C1327 /* AppDelegate.m in Sources */,
				9F23549415800871002C1327 /* RPRadarChart.m in Sources */,
				9F235498158008A3002C1327 /* ViewController.m in Sources */,
			);
			runOnlyForDeploymentPostprocessing = 0;
		};
/* End PBXSourcesBuildPhase section */

/* Begin PBXVariantGroup section */
		9F235477157FAE99002C1327 /* InfoPlist.strings */ = {
			isa = PBXVariantGroup;
			children = (
				9F235478157FAE99002C1327 /* en */,
			);
			name = InfoPlist.strings;
			sourceTree = "<group>";
		};
		9F235483157FAE9A002C1327 /* ViewController.xib */ = {
			isa = PBXVariantGroup;
			children = (
				9F235484157FAE9A002C1327 /* en */,
			);
			name = ViewController.xib;
			path = ..;
			sourceTree = "<group>";
		};
/* End PBXVariantGroup section */

/* Begin XCBuildConfiguration section */
		9F235486157FAE9A002C1327 /* Debug */ = {
			isa = XCBuildConfiguration;
			buildSettings = {
				ALWAYS_SEARCH_USER_PATHS = NO;
				ARCHS = "$(ARCHS_STANDARD_32_BIT)";
				CLANG_ENABLE_OBJC_ARC = YES;
				"CODE_SIGN_IDENTITY[sdk=iphoneos*]" = "iPhone Developer";
				COPY_PHASE_STRIP = NO;
				GCC_C_LANGUAGE_STANDARD = gnu99;
				GCC_DYNAMIC_NO_PIC = NO;
				GCC_OPTIMIZATION_LEVEL = 0;
				GCC_PREPROCESSOR_DEFINITIONS = (
					"DEBUG=1",
					"$(inherited)",
				);
				GCC_SYMBOLS_PRIVATE_EXTERN = NO;
				GCC_VERSION = com.apple.compilers.llvm.clang.1_0;
				GCC_WARN_ABOUT_RETURN_TYPE = YES;
				GCC_WARN_UNINITIALIZED_AUTOS = YES;
				GCC_WARN_UNUSED_VARIABLE = YES;
				IPHONEOS_DEPLOYMENT_TARGET = 5.1;
				SDKROOT = iphoneos;
			};
			name = Debug;
		};
		9F235487157FAE9A002C1327 /* Release */ = {
			isa = XCBuildConfiguration;
			buildSettings = {
				ALWAYS_SEARCH_USER_PATHS = NO;
				ARCHS = "$(ARCHS_STANDARD_32_BIT)";
				CLANG_ENABLE_OBJC_ARC = YES;
				"CODE_SIGN_IDENTITY[sdk=iphoneos*]" = "iPhone Developer";
				COPY_PHASE_STRIP = YES;
				GCC_C_LANGUAGE_STANDARD = gnu99;
				GCC_VERSION = com.apple.compilers.llvm.clang.1_0;
				GCC_WARN_ABOUT_RETURN_TYPE = YES;
				GCC_WARN_UNINITIALIZED_AUTOS = YES;
				GCC_WARN_UNUSED_VARIABLE = YES;
				IPHONEOS_DEPLOYMENT_TARGET = 5.1;
				OTHER_CFLAGS = "-DNS_BLOCK_ASSERTIONS=1";
				SDKROOT = iphoneos;
				VALIDATE_PRODUCT = YES;
			};
			name = Release;
		};
		9F235489157FAE9A002C1327 /* Debug */ = {
			isa = XCBuildConfiguration;
			buildSettings = {
				GCC_PRECOMPILE_PREFIX_HEADER = YES;
				GCC_PREFIX_HEADER = "RadarChart/RadarChart-Prefix.pch";
				INFOPLIST_FILE = "RadarChart/RadarChart-Info.plist";
				IPHONEOS_DEPLOYMENT_TARGET = 4.3;
				PRODUCT_NAME = "$(TARGET_NAME)";
				WRAPPER_EXTENSION = app;
			};
			name = Debug;
		};
		9F23548A157FAE9A002C1327 /* Release */ = {
			isa = XCBuildConfiguration;
			buildSettings = {
				GCC_PRECOMPILE_PREFIX_HEADER = YES;
				GCC_PREFIX_HEADER = "RadarChart/RadarChart-Prefix.pch";
				INFOPLIST_FILE = "RadarChart/RadarChart-Info.plist";
				IPHONEOS_DEPLOYMENT_TARGET = 4.3;
				PRODUCT_NAME = "$(TARGET_NAME)";
				WRAPPER_EXTENSION = app;
			};
			name = Release;
		};
/* End XCBuildConfiguration section */

/* Begin XCConfigurationList section */
		9F235464157FAE99002C1327 /* Build configuration list for PBXProject "RadarChart" */ = {
			isa = XCConfigurationList;
			buildConfigurations = (
				9F235486157FAE9A002C1327 /* Debug */,
				9F235487157FAE9A002C1327 /* Release */,
			);
			defaultConfigurationIsVisible = 0;
			defaultConfigurationName = Release;
		};
		9F235488157FAE9A002C1327 /* Build configuration list for PBXNativeTarget "RadarChart" */ = {
			isa = XCConfigurationList;
			buildConfigurations = (
				9F235489157FAE9A002C1327 /* Debug */,
				9F23548A157FAE9A002C1327 /* Release */,
			);
			defaultConfigurationIsVisible = 0;
			defaultConfigurationName = Release;
		};
/* End XCConfigurationList section */
	};
	rootObject = 9F235461157FAE99002C1327 /* Project object */;
}
